{
  "requires": true,
  "lockfileVersion": 1,
  "dependencies": {
    "dayjs": {
      "version": "1.10.7",
      "resolved": "https://registry.nlark.com/dayjs/download/dayjs-1.10.7.tgz",
      "integrity": "sha1-LPX5Gt0oEWdIRAhmoKHSbzps5Gg="
    },
    "dom7": {
      "version": "4.0.0",
      "resolved": "https://registry.nlark.com/dom7/download/dom7-4.0.0.tgz",
      "integrity": "sha1-acj7mxcMktZPOF/cN/gUVugrgKE=",
      "requires": {
        "ssr-window": "^4.0.0"
      }
    },
    "ssr-window": {
      "version": "4.0.0",
      "resolved": "https://registry.nlark.com/ssr-window/download/ssr-window-4.0.0.tgz?cache=0&sync_timestamp=1629879256060&other_urls=https%3A%2F%2Fregistry.nlark.com%2Fssr-window%2Fdownload%2Fssr-window-4.0.0.tgz",
      "integrity": "sha1-Tugvw2DF+IoCLzIXQLz+xZraGmE="
    },
    "swiper": {
      "version": "7.0.6",
      "resolved": "https://registry.nlark.com/swiper/download/swiper-7.0.6.tgz",
      "integrity": "sha1-pyce1csFu2aB9+2FXppry21J+ak=",
      "requires": {
        "dom7": "^4.0.0",
        "ssr-window": "^4.0.0"
      }
    }
  }
}
